// !$*UTF8*$!
{
	archiveVersion = 1;
	classes = {
	};
	objectVersion = 56;
	objects = {

/* Begin PBXBuildFile section */
		263A75B02AAAEB22008294F8 /* CategoryView.swift in Sources */ = {isa = PBXBuildFile; fileRef = 263A75AF2AAAEB22008294F8 /* CategoryView.swift */; };
		263A75B22AAAEB71008294F8 /* BaseView.swift in Sources */ = {isa = PBXBuildFile; fileRef = 263A75B12AAAEB71008294F8 /* BaseView.swift */; };
		263A75B52AAAF4CB008294F8 /* Ext+UIButton.swift in Sources */ = {isa = PBXBuildFile; fileRef = 263A75B42AAAF4CB008294F8 /* Ext+UIButton.swift */; };
		263A75B82AAAFC79008294F8 /* Kingfisher in Frameworks */ = {isa = PBXBuildFile; productRef = 263A75B72AAAFC79008294F8 /* Kingfisher */; };
		263A75BB2AAB0AC9008294F8 /* DetailViewController.swift in Sources */ = {isa = PBXBuildFile; fileRef = 263A75BA2AAB0AC9008294F8 /* DetailViewController.swift */; };
		263A75C02AAB0CF5008294F8 /* Ext+String.swift in Sources */ = {isa = PBXBuildFile; fileRef = 263A75BF2AAB0CF5008294F8 /* Ext+String.swift */; };
		263A75F62AAC51B0008294F8 /* Ext+UIViewController.swift in Sources */ = {isa = PBXBuildFile; fileRef = 263A75F52AAC51B0008294F8 /* Ext+UIViewController.swift */; };
		263A75F82AAC5A56008294F8 /* RealmRepository.swift in Sources */ = {isa = PBXBuildFile; fileRef = 263A75F72AAC5A56008294F8 /* RealmRepository.swift */; };
		26F617B52AAA15FD002061C4 /* AppDelegate.swift in Sources */ = {isa = PBXBuildFile; fileRef = 26F617B42AAA15FD002061C4 /* AppDelegate.swift */; };
		26F617B72AAA15FD002061C4 /* SceneDelegate.swift in Sources */ = {isa = PBXBuildFile; fileRef = 26F617B62AAA15FD002061C4 /* SceneDelegate.swift */; };
		26F617B92AAA15FD002061C4 /* SearchViewController.swift in Sources */ = {isa = PBXBuildFile; fileRef = 26F617B82AAA15FD002061C4 /* SearchViewController.swift */; };
		26F617BE2AAA1602002061C4 /* Assets.xcassets in Resources */ = {isa = PBXBuildFile; fileRef = 26F617BD2AAA1602002061C4 /* Assets.xcassets */; };
		26F617C12AAA1602002061C4 /* LaunchScreen.storyboard in Resources */ = {isa = PBXBuildFile; fileRef = 26F617BF2AAA1602002061C4 /* LaunchScreen.storyboard */; };
		26F617CB2AAA16E9002061C4 /* TabBarController.swift in Sources */ = {isa = PBXBuildFile; fileRef = 26F617CA2AAA16E8002061C4 /* TabBarController.swift */; };
		26F617CD2AAA1734002061C4 /* ListViewController.swift in Sources */ = {isa = PBXBuildFile; fileRef = 26F617CC2AAA1734002061C4 /* ListViewController.swift */; };
		26F617D32AAA1C27002061C4 /* NaverShopping.swift in Sources */ = {isa = PBXBuildFile; fileRef = 26F617D22AAA1C27002061C4 /* NaverShopping.swift */; };
		26F617D62AAA1D08002061C4 /* NetwokeManager.swift in Sources */ = {isa = PBXBuildFile; fileRef = 26F617D52AAA1D08002061C4 /* NetwokeManager.swift */; };
		26F617D92AAA1D56002061C4 /* Alamofire in Frameworks */ = {isa = PBXBuildFile; productRef = 26F617D82AAA1D56002061C4 /* Alamofire */; };
		26F617E22AAA203D002061C4 /* ProductSort.swift in Sources */ = {isa = PBXBuildFile; fileRef = 26F617E12AAA203D002061C4 /* ProductSort.swift */; };
		26F617E42AAA2094002061C4 /* NetworkError.swift in Sources */ = {isa = PBXBuildFile; fileRef = 26F617E32AAA2094002061C4 /* NetworkError.swift */; };
		26F617E72AAA2DDE002061C4 /* Realm in Frameworks */ = {isa = PBXBuildFile; productRef = 26F617E62AAA2DDE002061C4 /* Realm */; };
		26F617E92AAA2DDE002061C4 /* RealmSwift in Frameworks */ = {isa = PBXBuildFile; productRef = 26F617E82AAA2DDE002061C4 /* RealmSwift */; };
		26F617EB2AAA2DF3002061C4 /* LocalRealmDB.swift in Sources */ = {isa = PBXBuildFile; fileRef = 26F617EA2AAA2DF3002061C4 /* LocalRealmDB.swift */; };
		26F617F12AAA34BA002061C4 /* BaseViewController.swift in Sources */ = {isa = PBXBuildFile; fileRef = 26F617F02AAA34BA002061C4 /* BaseViewController.swift */; };
		26F617F32AAA3571002061C4 /* BaseCollectionViewCell.swift in Sources */ = {isa = PBXBuildFile; fileRef = 26F617F22AAA3571002061C4 /* BaseCollectionViewCell.swift */; };
		26F617F52AAA35B9002061C4 /* searchView.swift in Sources */ = {isa = PBXBuildFile; fileRef = 26F617F42AAA35B9002061C4 /* searchView.swift */; };
		26F617F82AAA382D002061C4 /* SnapKit in Frameworks */ = {isa = PBXBuildFile; productRef = 26F617F72AAA382D002061C4 /* SnapKit */; };
		26F617FB2AAA3944002061C4 /* ReuseIentifier.swift in Sources */ = {isa = PBXBuildFile; fileRef = 26F617FA2AAA3944002061C4 /* ReuseIentifier.swift */; };
		26F935882AB0B41B005EAAC9 /* ImageCacheManager.swift in Sources */ = {isa = PBXBuildFile; fileRef = 26F935872AB0B41B005EAAC9 /* ImageCacheManager.swift */; };
		26F9358C2AB0BD57005EAAC9 /* SearchViewViewModel.swift in Sources */ = {isa = PBXBuildFile; fileRef = 26F9358B2AB0BD57005EAAC9 /* SearchViewViewModel.swift */; };
/* End PBXBuildFile section */

/* Begin PBXFileReference section */
		263A75AF2AAAEB22008294F8 /* CategoryView.swift */ = {isa = PBXFileReference; lastKnownFileType = sourcecode.swift; path = CategoryView.swift; sourceTree = "<group>"; };
		263A75B12AAAEB71008294F8 /* BaseView.swift */ = {isa = PBXFileReference; lastKnownFileType = sourcecode.swift; path = BaseView.swift; sourceTree = "<group>"; };
		263A75B42AAAF4CB008294F8 /* Ext+UIButton.swift */ = {isa = PBXFileReference; lastKnownFileType = sourcecode.swift; path = "Ext+UIButton.swift"; sourceTree = "<group>"; };
		263A75BA2AAB0AC9008294F8 /* DetailViewController.swift */ = {isa = PBXFileReference; lastKnownFileType = sourcecode.swift; path = DetailViewController.swift; sourceTree = "<group>"; };
		263A75BF2AAB0CF5008294F8 /* Ext+String.swift */ = {isa = PBXFileReference; lastKnownFileType = sourcecode.swift; path = "Ext+String.swift"; sourceTree = "<group>"; };
		263A75F52AAC51B0008294F8 /* Ext+UIViewController.swift */ = {isa = PBXFileReference; lastKnownFileType = sourcecode.swift; path = "Ext+UIViewController.swift"; sourceTree = "<group>"; };
		263A75F72AAC5A56008294F8 /* RealmRepository.swift */ = {isa = PBXFileReference; lastKnownFileType = sourcecode.swift; path = RealmRepository.swift; sourceTree = "<group>"; };
		26F617B12AAA15FD002061C4 /* naverShoppingList.app */ = {isa = PBXFileReference; explicitFileType = wrapper.application; includeInIndex = 0; path = naverShoppingList.app; sourceTree = BUILT_PRODUCTS_DIR; };
		26F617B42AAA15FD002061C4 /* AppDelegate.swift */ = {isa = PBXFileReference; lastKnownFileType = sourcecode.swift; path = AppDelegate.swift; sourceTree = "<group>"; };
		26F617B62AAA15FD002061C4 /* SceneDelegate.swift */ = {isa = PBXFileReference; lastKnownFileType = sourcecode.swift; path = SceneDelegate.swift; sourceTree = "<group>"; };
		26F617B82AAA15FD002061C4 /* SearchViewController.swift */ = {isa = PBXFileReference; lastKnownFileType = sourcecode.swift; path = SearchViewController.swift; sourceTree = "<group>"; };
		26F617BD2AAA1602002061C4 /* Assets.xcassets */ = {isa = PBXFileReference; lastKnownFileType = folder.assetcatalog; path = Assets.xcassets; sourceTree = "<group>"; };
		26F617C02AAA1602002061C4 /* Base */ = {isa = PBXFileReference; lastKnownFileType = file.storyboard; name = Base; path = Base.lproj/LaunchScreen.storyboard; sourceTree = "<group>"; };
		26F617C22AAA1602002061C4 /* Info.plist */ = {isa = PBXFileReference; lastKnownFileType = text.plist.xml; path = Info.plist; sourceTree = "<group>"; };
		26F617CA2AAA16E8002061C4 /* TabBarController.swift */ = {isa = PBXFileReference; lastKnownFileType = sourcecode.swift; path = TabBarController.swift; sourceTree = "<group>"; };
		26F617CC2AAA1734002061C4 /* ListViewController.swift */ = {isa = PBXFileReference; lastKnownFileType = sourcecode.swift; path = ListViewController.swift; sourceTree = "<group>"; };
		26F617D22AAA1C27002061C4 /* NaverShopping.swift */ = {isa = PBXFileReference; lastKnownFileType = sourcecode.swift; path = NaverShopping.swift; sourceTree = "<group>"; };
		26F617D52AAA1D08002061C4 /* NetwokeManager.swift */ = {isa = PBXFileReference; lastKnownFileType = sourcecode.swift; path = NetwokeManager.swift; sourceTree = "<group>"; };
		26F617E12AAA203D002061C4 /* ProductSort.swift */ = {isa = PBXFileReference; lastKnownFileType = sourcecode.swift; path = ProductSort.swift; sourceTree = "<group>"; };
		26F617E32AAA2094002061C4 /* NetworkError.swift */ = {isa = PBXFileReference; lastKnownFileType = sourcecode.swift; path = NetworkError.swift; sourceTree = "<group>"; };
		26F617EA2AAA2DF3002061C4 /* LocalRealmDB.swift */ = {isa = PBXFileReference; lastKnownFileType = sourcecode.swift; path = LocalRealmDB.swift; sourceTree = "<group>"; };
		26F617F02AAA34BA002061C4 /* BaseViewController.swift */ = {isa = PBXFileReference; lastKnownFileType = sourcecode.swift; path = BaseViewController.swift; sourceTree = "<group>"; };
		26F617F22AAA3571002061C4 /* BaseCollectionViewCell.swift */ = {isa = PBXFileReference; lastKnownFileType = sourcecode.swift; path = BaseCollectionViewCell.swift; sourceTree = "<group>"; };
		26F617F42AAA35B9002061C4 /* searchView.swift */ = {isa = PBXFileReference; lastKnownFileType = sourcecode.swift; path = searchView.swift; sourceTree = "<group>"; };
		26F617FA2AAA3944002061C4 /* ReuseIentifier.swift */ = {isa = PBXFileReference; lastKnownFileType = sourcecode.swift; path = ReuseIentifier.swift; sourceTree = "<group>"; };
		26F935872AB0B41B005EAAC9 /* ImageCacheManager.swift */ = {isa = PBXFileReference; lastKnownFileType = sourcecode.swift; path = ImageCacheManager.swift; sourceTree = "<group>"; };
		26F9358B2AB0BD57005EAAC9 /* SearchViewViewModel.swift */ = {isa = PBXFileReference; lastKnownFileType = sourcecode.swift; path = SearchViewViewModel.swift; sourceTree = "<group>"; };
/* End PBXFileReference section */

/* Begin PBXFrameworksBuildPhase section */
		26F617AE2AAA15FD002061C4 /* Frameworks */ = {
			isa = PBXFrameworksBuildPhase;
			buildActionMask = 2147483647;
			files = (
				26F617E92AAA2DDE002061C4 /* RealmSwift in Frameworks */,
				26F617F82AAA382D002061C4 /* SnapKit in Frameworks */,
				26F617E72AAA2DDE002061C4 /* Realm in Frameworks */,
				26F617D92AAA1D56002061C4 /* Alamofire in Frameworks */,
				263A75B82AAAFC79008294F8 /* Kingfisher in Frameworks */,
			);
			runOnlyForDeploymentPostprocessing = 0;
		};
/* End PBXFrameworksBuildPhase section */

/* Begin PBXGroup section */
		263A75B32AAAF4BF008294F8 /* Ext */ = {
			isa = PBXGroup;
			children = (
				263A75B42AAAF4CB008294F8 /* Ext+UIButton.swift */,
				263A75BF2AAB0CF5008294F8 /* Ext+String.swift */,
				263A75F52AAC51B0008294F8 /* Ext+UIViewController.swift */,
			);
			path = Ext;
			sourceTree = "<group>";
		};
		263A75B92AAB0AA3008294F8 /* DetailWeb */ = {
			isa = PBXGroup;
			children = (
				263A75BA2AAB0AC9008294F8 /* DetailViewController.swift */,
			);
			path = DetailWeb;
			sourceTree = "<group>";
		};
		26F617A82AAA15FD002061C4 = {
			isa = PBXGroup;
			children = (
				26F617B32AAA15FD002061C4 /* naverShoppingList */,
				26F617B22AAA15FD002061C4 /* Products */,
			);
			sourceTree = "<group>";
		};
		26F617B22AAA15FD002061C4 /* Products */ = {
			isa = PBXGroup;
			children = (
				26F617B12AAA15FD002061C4 /* naverShoppingList.app */,
			);
			name = Products;
			sourceTree = "<group>";
		};
		26F617B32AAA15FD002061C4 /* naverShoppingList */ = {
			isa = PBXGroup;
			children = (
				26F935862AB0B3FF005EAAC9 /* Cache */,
				26F617B42AAA15FD002061C4 /* AppDelegate.swift */,
				26F617B62AAA15FD002061C4 /* SceneDelegate.swift */,
				263A75B32AAAF4BF008294F8 /* Ext */,
				26F617F92AAA3935002061C4 /* Protocol */,
				26F617EF2AAA34AE002061C4 /* Base */,
				26F617E02AAA2033002061C4 /* Enum */,
				26F617D42AAA1CF4002061C4 /* Network */,
				26F617D12AAA1C19002061C4 /* Model */,
				26F617D02AAA198C002061C4 /* TabBar */,
				26F617CF2AAA1989002061C4 /* ListVC */,
				26F617CE2AAA1987002061C4 /* SearchVC */,
				263A75B92AAB0AA3008294F8 /* DetailWeb */,
				26F617BD2AAA1602002061C4 /* Assets.xcassets */,
				26F617BF2AAA1602002061C4 /* LaunchScreen.storyboard */,
				26F617C22AAA1602002061C4 /* Info.plist */,
			);
			path = naverShoppingList;
			sourceTree = "<group>";
		};
		26F617CE2AAA1987002061C4 /* SearchVC */ = {
			isa = PBXGroup;
			children = (
				26F617B82AAA15FD002061C4 /* SearchViewController.swift */,
				26F9358B2AB0BD57005EAAC9 /* SearchViewViewModel.swift */,
			);
			path = SearchVC;
			sourceTree = "<group>";
		};
		26F617CF2AAA1989002061C4 /* ListVC */ = {
			isa = PBXGroup;
			children = (
				26F617CC2AAA1734002061C4 /* ListViewController.swift */,
			);
			path = ListVC;
			sourceTree = "<group>";
		};
		26F617D02AAA198C002061C4 /* TabBar */ = {
			isa = PBXGroup;
			children = (
				26F617CA2AAA16E8002061C4 /* TabBarController.swift */,
			);
			path = TabBar;
			sourceTree = "<group>";
		};
		26F617D12AAA1C19002061C4 /* Model */ = {
			isa = PBXGroup;
			children = (
				26F617D22AAA1C27002061C4 /* NaverShopping.swift */,
				26F617EA2AAA2DF3002061C4 /* LocalRealmDB.swift */,
				263A75F72AAC5A56008294F8 /* RealmRepository.swift */,
			);
			path = Model;
			sourceTree = "<group>";
		};
		26F617D42AAA1CF4002061C4 /* Network */ = {
			isa = PBXGroup;
			children = (
				26F617D52AAA1D08002061C4 /* NetwokeManager.swift */,
			);
			path = Network;
			sourceTree = "<group>";
		};
		26F617E02AAA2033002061C4 /* Enum */ = {
			isa = PBXGroup;
			children = (
				26F617E12AAA203D002061C4 /* ProductSort.swift */,
				26F617E32AAA2094002061C4 /* NetworkError.swift */,
			);
			path = Enum;
			sourceTree = "<group>";
		};
		26F617EF2AAA34AE002061C4 /* Base */ = {
			isa = PBXGroup;
			children = (
				26F617F02AAA34BA002061C4 /* BaseViewController.swift */,
				26F617F22AAA3571002061C4 /* BaseCollectionViewCell.swift */,
				263A75B12AAAEB71008294F8 /* BaseView.swift */,
				26F617F42AAA35B9002061C4 /* searchView.swift */,
				263A75AF2AAAEB22008294F8 /* CategoryView.swift */,
			);
			path = Base;
			sourceTree = "<group>";
		};
		26F617F92AAA3935002061C4 /* Protocol */ = {
			isa = PBXGroup;
			children = (
				26F617FA2AAA3944002061C4 /* ReuseIentifier.swift */,
			);
			path = Protocol;
			sourceTree = "<group>";
		};
		26F935862AB0B3FF005EAAC9 /* Cache */ = {
			isa = PBXGroup;
			children = (
				26F935872AB0B41B005EAAC9 /* ImageCacheManager.swift */,
			);
			path = Cache;
			sourceTree = "<group>";
		};
/* End PBXGroup section */

/* Begin PBXNativeTarget section */
		26F617B02AAA15FD002061C4 /* naverShoppingList */ = {
			isa = PBXNativeTarget;
			buildConfigurationList = 26F617C52AAA1602002061C4 /* Build configuration list for PBXNativeTarget "naverShoppingList" */;
			buildPhases = (
				26F617AD2AAA15FD002061C4 /* Sources */,
				26F617AE2AAA15FD002061C4 /* Frameworks */,
				26F617AF2AAA15FD002061C4 /* Resources */,
			);
			buildRules = (
			);
			dependencies = (
			);
			name = naverShoppingList;
			packageProductDependencies = (
				26F617D82AAA1D56002061C4 /* Alamofire */,
				26F617E62AAA2DDE002061C4 /* Realm */,
				26F617E82AAA2DDE002061C4 /* RealmSwift */,
				26F617F72AAA382D002061C4 /* SnapKit */,
				263A75B72AAAFC79008294F8 /* Kingfisher */,
			);
			productName = naverShoppingList;
			productReference = 26F617B12AAA15FD002061C4 /* naverShoppingList.app */;
			productType = "com.apple.product-type.application";
		};
/* End PBXNativeTarget section */

/* Begin PBXProject section */
		26F617A92AAA15FD002061C4 /* Project object */ = {
			isa = PBXProject;
			attributes = {
				BuildIndependentTargetsInParallel = 1;
				LastSwiftUpdateCheck = 1430;
				LastUpgradeCheck = 1430;
				TargetAttributes = {
					26F617B02AAA15FD002061C4 = {
						CreatedOnToolsVersion = 14.3.1;
					};
				};
			};
			buildConfigurationList = 26F617AC2AAA15FD002061C4 /* Build configuration list for PBXProject "naverShoppingList" */;
			compatibilityVersion = "Xcode 14.0";
			developmentRegion = en;
			hasScannedForEncodings = 0;
			knownRegions = (
				en,
				Base,
			);
			mainGroup = 26F617A82AAA15FD002061C4;
			packageReferences = (
				26F617D72AAA1D56002061C4 /* XCRemoteSwiftPackageReference "Alamofire" */,
				26F617E52AAA2DDE002061C4 /* XCRemoteSwiftPackageReference "realm-swift" */,
				26F617F62AAA382D002061C4 /* XCRemoteSwiftPackageReference "SnapKit" */,
				263A75B62AAAFC79008294F8 /* XCRemoteSwiftPackageReference "Kingfisher" */,
			);
			productRefGroup = 26F617B22AAA15FD002061C4 /* Products */;
			projectDirPath = "";
			projectRoot = "";
			targets = (
				26F617B02AAA15FD002061C4 /* naverShoppingList */,
			);
		};
/* End PBXProject section */

/* Begin PBXResourcesBuildPhase section */
		26F617AF2AAA15FD002061C4 /* Resources */ = {
			isa = PBXResourcesBuildPhase;
			buildActionMask = 2147483647;
			files = (
				26F617C12AAA1602002061C4 /* LaunchScreen.storyboard in Resources */,
				26F617BE2AAA1602002061C4 /* Assets.xcassets in Resources */,
			);
			runOnlyForDeploymentPostprocessing = 0;
		};
/* End PBXResourcesBuildPhase section */

/* Begin PBXSourcesBuildPhase section */
		26F617AD2AAA15FD002061C4 /* Sources */ = {
			isa = PBXSourcesBuildPhase;
			buildActionMask = 2147483647;
			files = (
				26F617B92AAA15FD002061C4 /* SearchViewController.swift in Sources */,
				26F617F52AAA35B9002061C4 /* searchView.swift in Sources */,
				263A75F62AAC51B0008294F8 /* Ext+UIViewController.swift in Sources */,
				26F617FB2AAA3944002061C4 /* ReuseIentifier.swift in Sources */,
				26F617CB2AAA16E9002061C4 /* TabBarController.swift in Sources */,
				26F617F12AAA34BA002061C4 /* BaseViewController.swift in Sources */,
				26F617D32AAA1C27002061C4 /* NaverShopping.swift in Sources */,
				263A75C02AAB0CF5008294F8 /* Ext+String.swift in Sources */,
				26F617EB2AAA2DF3002061C4 /* LocalRealmDB.swift in Sources */,
				26F617F32AAA3571002061C4 /* BaseCollectionViewCell.swift in Sources */,
				26F617B52AAA15FD002061C4 /* AppDelegate.swift in Sources */,
				263A75F82AAC5A56008294F8 /* RealmRepository.swift in Sources */,
				263A75BB2AAB0AC9008294F8 /* DetailViewController.swift in Sources */,
				26F617CD2AAA1734002061C4 /* ListViewController.swift in Sources */,
				26F617E22AAA203D002061C4 /* ProductSort.swift in Sources */,
				263A75B52AAAF4CB008294F8 /* Ext+UIButton.swift in Sources */,
				26F9358C2AB0BD57005EAAC9 /* SearchViewViewModel.swift in Sources */,
				26F617E42AAA2094002061C4 /* NetworkError.swift in Sources */,
				26F617B72AAA15FD002061C4 /* SceneDelegate.swift in Sources */,
				26F617D62AAA1D08002061C4 /* NetwokeManager.swift in Sources */,
				263A75B02AAAEB22008294F8 /* CategoryView.swift in Sources */,
				26F935882AB0B41B005EAAC9 /* ImageCacheManager.swift in Sources */,
				263A75B22AAAEB71008294F8 /* BaseView.swift in Sources */,
			);
			runOnlyForDeploymentPostprocessing = 0;
		};
/* End PBXSourcesBuildPhase section */

/* Begin PBXVariantGroup section */
		26F617BF2AAA1602002061C4 /* LaunchScreen.storyboard */ = {
			isa = PBXVariantGroup;
			children = (
				26F617C02AAA1602002061C4 /* Base */,
			);
			name = LaunchScreen.storyboard;
			sourceTree = "<group>";
		};
/* End PBXVariantGroup section */

/* Begin XCBuildConfiguration section */
		26F617C32AAA1602002061C4 /* Debug */ = {
			isa = XCBuildConfiguration;
			buildSettings = {
				ALWAYS_SEARCH_USER_PATHS = NO;
				CLANG_ANALYZER_NONNULL = YES;
				CLANG_ANALYZER_NUMBER_OBJECT_CONVERSION = YES_AGGRESSIVE;
				CLANG_CXX_LANGUAGE_STANDARD = "gnu++20";
				CLANG_ENABLE_MODULES = YES;
				CLANG_ENABLE_OBJC_ARC = YES;
				CLANG_ENABLE_OBJC_WEAK = YES;
				CLANG_WARN_BLOCK_CAPTURE_AUTORELEASING = YES;
				CLANG_WARN_BOOL_CONVERSION = YES;
				CLANG_WARN_COMMA = YES;
				CLANG_WARN_CONSTANT_CONVERSION = YES;
				CLANG_WARN_DEPRECATED_OBJC_IMPLEMENTATIONS = YES;
				CLANG_WARN_DIRECT_OBJC_ISA_USAGE = YES_ERROR;
				CLANG_WARN_DOCUMENTATION_COMMENTS = YES;
				CLANG_WARN_EMPTY_BODY = YES;
				CLANG_WARN_ENUM_CONVERSION = YES;
				CLANG_WARN_INFINITE_RECURSION = YES;
				CLANG_WARN_INT_CONVERSION = YES;
				CLANG_WARN_NON_LITERAL_NULL_CONVERSION = YES;
				CLANG_WARN_OBJC_IMPLICIT_RETAIN_SELF = YES;
				CLANG_WARN_OBJC_LITERAL_CONVERSION = YES;
				CLANG_WARN_OBJC_ROOT_CLASS = YES_ERROR;
				CLANG_WARN_QUOTED_INCLUDE_IN_FRAMEWORK_HEADER = YES;
				CLANG_WARN_RANGE_LOOP_ANALYSIS = YES;
				CLANG_WARN_STRICT_PROTOTYPES = YES;
				CLANG_WARN_SUSPICIOUS_MOVE = YES;
				CLANG_WARN_UNGUARDED_AVAILABILITY = YES_AGGRESSIVE;
				CLANG_WARN_UNREACHABLE_CODE = YES;
				CLANG_WARN__DUPLICATE_METHOD_MATCH = YES;
				COPY_PHASE_STRIP = NO;
				DEBUG_INFORMATION_FORMAT = dwarf;
				ENABLE_STRICT_OBJC_MSGSEND = YES;
				ENABLE_TESTABILITY = YES;
				GCC_C_LANGUAGE_STANDARD = gnu11;
				GCC_DYNAMIC_NO_PIC = NO;
				GCC_NO_COMMON_BLOCKS = YES;
				GCC_OPTIMIZATION_LEVEL = 0;
				GCC_PREPROCESSOR_DEFINITIONS = (
					"DEBUG=1",
					"$(inherited)",
				);
				GCC_WARN_64_TO_32_BIT_CONVERSION = YES;
				GCC_WARN_ABOUT_RETURN_TYPE = YES_ERROR;
				GCC_WARN_UNDECLARED_SELECTOR = YES;
				GCC_WARN_UNINITIALIZED_AUTOS = YES_AGGRESSIVE;
				GCC_WARN_UNUSED_FUNCTION = YES;
				GCC_WARN_UNUSED_VARIABLE = YES;
				IPHONEOS_DEPLOYMENT_TARGET = 16.4;
				MTL_ENABLE_DEBUG_INFO = INCLUDE_SOURCE;
				MTL_FAST_MATH = YES;
				ONLY_ACTIVE_ARCH = YES;
				SDKROOT = iphoneos;
				SWIFT_ACTIVE_COMPILATION_CONDITIONS = DEBUG;
				SWIFT_OPTIMIZATION_LEVEL = "-Onone";
			};
			name = Debug;
		};
		26F617C42AAA1602002061C4 /* Release */ = {
			isa = XCBuildConfiguration;
			buildSettings = {
				ALWAYS_SEARCH_USER_PATHS = NO;
				CLANG_ANALYZER_NONNULL = YES;
				CLANG_ANALYZER_NUMBER_OBJECT_CONVERSION = YES_AGGRESSIVE;
				CLANG_CXX_LANGUAGE_STANDARD = "gnu++20";
				CLANG_ENABLE_MODULES = YES;
				CLANG_ENABLE_OBJC_ARC = YES;
				CLANG_ENABLE_OBJC_WEAK = YES;
				CLANG_WARN_BLOCK_CAPTURE_AUTORELEASING = YES;
				CLANG_WARN_BOOL_CONVERSION = YES;
				CLANG_WARN_COMMA = YES;
				CLANG_WARN_CONSTANT_CONVERSION = YES;
				CLANG_WARN_DEPRECATED_OBJC_IMPLEMENTATIONS = YES;
				CLANG_WARN_DIRECT_OBJC_ISA_USAGE = YES_ERROR;
				CLANG_WARN_DOCUMENTATION_COMMENTS = YES;
				CLANG_WARN_EMPTY_BODY = YES;
				CLANG_WARN_ENUM_CONVERSION = YES;
				CLANG_WARN_INFINITE_RECURSION = YES;
				CLANG_WARN_INT_CONVERSION = YES;
				CLANG_WARN_NON_LITERAL_NULL_CONVERSION = YES;
				CLANG_WARN_OBJC_IMPLICIT_RETAIN_SELF = YES;
				CLANG_WARN_OBJC_LITERAL_CONVERSION = YES;
				CLANG_WARN_OBJC_ROOT_CLASS = YES_ERROR;
				CLANG_WARN_QUOTED_INCLUDE_IN_FRAMEWORK_HEADER = YES;
				CLANG_WARN_RANGE_LOOP_ANALYSIS = YES;
				CLANG_WARN_STRICT_PROTOTYPES = YES;
				CLANG_WARN_SUSPICIOUS_MOVE = YES;
				CLANG_WARN_UNGUARDED_AVAILABILITY = YES_AGGRESSIVE;
				CLANG_WARN_UNREACHABLE_CODE = YES;
				CLANG_WARN__DUPLICATE_METHOD_MATCH = YES;
				COPY_PHASE_STRIP = NO;
				DEBUG_INFORMATION_FORMAT = "dwarf-with-dsym";
				ENABLE_NS_ASSERTIONS = NO;
				ENABLE_STRICT_OBJC_MSGSEND = YES;
				GCC_C_LANGUAGE_STANDARD = gnu11;
				GCC_NO_COMMON_BLOCKS = YES;
				GCC_WARN_64_TO_32_BIT_CONVERSION = YES;
				GCC_WARN_ABOUT_RETURN_TYPE = YES_ERROR;
				GCC_WARN_UNDECLARED_SELECTOR = YES;
				GCC_WARN_UNINITIALIZED_AUTOS = YES_AGGRESSIVE;
				GCC_WARN_UNUSED_FUNCTION = YES;
				GCC_WARN_UNUSED_VARIABLE = YES;
				IPHONEOS_DEPLOYMENT_TARGET = 16.4;
				MTL_ENABLE_DEBUG_INFO = NO;
				MTL_FAST_MATH = YES;
				SDKROOT = iphoneos;
				SWIFT_COMPILATION_MODE = wholemodule;
				SWIFT_OPTIMIZATION_LEVEL = "-O";
				VALIDATE_PRODUCT = YES;
			};
			name = Release;
		};
		26F617C62AAA1602002061C4 /* Debug */ = {
			isa = XCBuildConfiguration;
			buildSettings = {
				ASSETCATALOG_COMPILER_APPICON_NAME = AppIcon;
				ASSETCATALOG_COMPILER_GLOBAL_ACCENT_COLOR_NAME = AccentColor;
				CODE_SIGN_STYLE = Automatic;
				CURRENT_PROJECT_VERSION = 1;
				GENERATE_INFOPLIST_FILE = YES;
				INFOPLIST_FILE = naverShoppingList/Info.plist;
				INFOPLIST_KEY_CFBundleDisplayName = "염성필 2차 과제";
				INFOPLIST_KEY_UIApplicationSupportsIndirectInputEvents = YES;
				INFOPLIST_KEY_UILaunchStoryboardName = LaunchScreen;
				INFOPLIST_KEY_UISupportedInterfaceOrientations = UIInterfaceOrientationPortrait;
				INFOPLIST_KEY_UISupportedInterfaceOrientations_iPad = "UIInterfaceOrientationLandscapeLeft UIInterfaceOrientationLandscapeRight UIInterfaceOrientationPortrait UIInterfaceOrientationPortraitUpsideDown";
				IPHONEOS_DEPLOYMENT_TARGET = 13.0;
				LD_RUNPATH_SEARCH_PATHS = (
					"$(inherited)",
					"@executable_path/Frameworks",
				);
				MARKETING_VERSION = 1.0;
				PRODUCT_BUNDLE_IDENTIFIER = com.present.naverShoppingList;
				PRODUCT_NAME = "$(TARGET_NAME)";
				SUPPORTED_PLATFORMS = "iphoneos iphonesimulator";
				SUPPORTS_MACCATALYST = NO;
				SUPPORTS_MAC_DESIGNED_FOR_IPHONE_IPAD = NO;
				SWIFT_EMIT_LOC_STRINGS = YES;
				SWIFT_VERSION = 5.0;
				TARGETED_DEVICE_FAMILY = 1;
			};
			name = Debug;
		};
		26F617C72AAA1602002061C4 /* Release */ = {
			isa = XCBuildConfiguration;
			buildSettings = {
				ASSETCATALOG_COMPILER_APPICON_NAME = AppIcon;
				ASSETCATALOG_COMPILER_GLOBAL_ACCENT_COLOR_NAME = AccentColor;
				CODE_SIGN_STYLE = Automatic;
				CURRENT_PROJECT_VERSION = 1;
				GENERATE_INFOPLIST_FILE = YES;
				INFOPLIST_FILE = naverShoppingList/Info.plist;
				INFOPLIST_KEY_CFBundleDisplayName = "염성필 2차 과제";
				INFOPLIST_KEY_UIApplicationSupportsIndirectInputEvents = YES;
				INFOPLIST_KEY_UILaunchStoryboardName = LaunchScreen;
				INFOPLIST_KEY_UISupportedInterfaceOrientations = UIInterfaceOrientationPortrait;
				INFOPLIST_KEY_UISupportedInterfaceOrientations_iPad = "UIInterfaceOrientationLandscapeLeft UIInterfaceOrientationLandscapeRight UIInterfaceOrientationPortrait UIInterfaceOrientationPortraitUpsideDown";
				IPHONEOS_DEPLOYMENT_TARGET = 13.0;
				LD_RUNPATH_SEARCH_PATHS = (
					"$(inherited)",
					"@executable_path/Frameworks",
				);
				MARKETING_VERSION = 1.0;
				PRODUCT_BUNDLE_IDENTIFIER = com.present.naverShoppingList;
				PRODUCT_NAME = "$(TARGET_NAME)";
				SUPPORTED_PLATFORMS = "iphoneos iphonesimulator";
				SUPPORTS_MACCATALYST = NO;
				SUPPORTS_MAC_DESIGNED_FOR_IPHONE_IPAD = NO;
				SWIFT_EMIT_LOC_STRINGS = YES;
				SWIFT_VERSION = 5.0;
				TARGETED_DEVICE_FAMILY = 1;
			};
			name = Release;
		};
/* End XCBuildConfiguration section */

/* Begin XCConfigurationList section */
		26F617AC2AAA15FD002061C4 /* Build configuration list for PBXProject "naverShoppingList" */ = {
			isa = XCConfigurationList;
			buildConfigurations = (
				26F617C32AAA1602002061C4 /* Debug */,
				26F617C42AAA1602002061C4 /* Release */,
			);
			defaultConfigurationIsVisible = 0;
			defaultConfigurationName = Release;
		};
		26F617C52AAA1602002061C4 /* Build configuration list for PBXNativeTarget "naverShoppingList" */ = {
			isa = XCConfigurationList;
			buildConfigurations = (
				26F617C62AAA1602002061C4 /* Debug */,
				26F617C72AAA1602002061C4 /* Release */,
			);
			defaultConfigurationIsVisible = 0;
			defaultConfigurationName = Release;
		};
/* End XCConfigurationList section */

/* Begin XCRemoteSwiftPackageReference section */
		263A75B62AAAFC79008294F8 /* XCRemoteSwiftPackageReference "Kingfisher" */ = {
			isa = XCRemoteSwiftPackageReference;
			repositoryURL = "https://github.com/onevcat/Kingfisher.git";
			requirement = {
				kind = upToNextMajorVersion;
				minimumVersion = 7.0.0;
			};
		};
		26F617D72AAA1D56002061C4 /* XCRemoteSwiftPackageReference "Alamofire" */ = {
			isa = XCRemoteSwiftPackageReference;
			repositoryURL = "https://github.com/Alamofire/Alamofire";
			requirement = {
				kind = upToNextMajorVersion;
				minimumVersion = 5.0.0;
			};
		};
		26F617E52AAA2DDE002061C4 /* XCRemoteSwiftPackageReference "realm-swift" */ = {
			isa = XCRemoteSwiftPackageReference;
			repositoryURL = "https://github.com/realm/realm-swift.git";
			requirement = {
				branch = master;
				kind = branch;
			};
		};
		26F617F62AAA382D002061C4 /* XCRemoteSwiftPackageReference "SnapKit" */ = {
			isa = XCRemoteSwiftPackageReference;
			repositoryURL = "https://github.com/SnapKit/SnapKit.git";
			requirement = {
				kind = upToNextMajorVersion;
				minimumVersion = 5.0.0;
			};
		};
/* End XCRemoteSwiftPackageReference section */

/* Begin XCSwiftPackageProductDependency section */
		263A75B72AAAFC79008294F8 /* Kingfisher */ = {
			isa = XCSwiftPackageProductDependency;
			package = 263A75B62AAAFC79008294F8 /* XCRemoteSwiftPackageReference "Kingfisher" */;
			productName = Kingfisher;
		};
		26F617D82AAA1D56002061C4 /* Alamofire */ = {
			isa = XCSwiftPackageProductDependency;
			package = 26F617D72AAA1D56002061C4 /* XCRemoteSwiftPackageReference "Alamofire" */;
			productName = Alamofire;
		};
		26F617E62AAA2DDE002061C4 /* Realm */ = {
			isa = XCSwiftPackageProductDependency;
			package = 26F617E52AAA2DDE002061C4 /* XCRemoteSwiftPackageReference "realm-swift" */;
			productName = Realm;
		};
		26F617E82AAA2DDE002061C4 /* RealmSwift */ = {
			isa = XCSwiftPackageProductDependency;
			package = 26F617E52AAA2DDE002061C4 /* XCRemoteSwiftPackageReference "realm-swift" */;
			productName = RealmSwift;
		};
		26F617F72AAA382D002061C4 /* SnapKit */ = {
			isa = XCSwiftPackageProductDependency;
			package = 26F617F62AAA382D002061C4 /* XCRemoteSwiftPackageReference "SnapKit" */;
			productName = SnapKit;
		};
/* End XCSwiftPackageProductDependency section */
	};
	rootObject = 26F617A92AAA15FD002061C4 /* Project object */;
}
